
Microsoft Visual Studio Solution File, Format Version 12.00
# Visual Studio Version 17
VisualStudioVersion = 17.8.34316.72
MinimumVisualStudioVersion = 10.0.40219.1
Project("{2150E333-8FDC-42A3-9474-1A3956D46DE8}") = "Core", "Core", "{650E9AA2-BAA8-4C6A-AA11-A9BCA50DD4F0}"
EndProject
Project("{9A19103F-16F7-4668-BE54-9A1E7A4F7556}") = "RentSwiftly.Domain", "Core\RentSwiftly.Domain\RentSwiftly.Domain.csproj", "{4DC0E0F1-D8C7-4112-8F66-13B1AFD03EEA}"
EndProject
Project("{2150E333-8FDC-42A3-9474-1A3956D46DE8}") = "Infrastructure", "Infrastructure", "{8FD98856-8E5D-4B36-91C6-652ABD64C9B3}"
EndProject
Project("{9A19103F-16F7-4668-BE54-9A1E7A4F7556}") = "RentSwiftly.Persistence", "Infrastructure\RentSwiftly.Persistence\RentSwiftly.Persistence.csproj", "{E40B2BCF-0D80-4FF7-A82B-8194F6C075D4}"
EndProject
Project("{2150E333-8FDC-42A3-9474-1A3956D46DE8}") = "Presentation", "Presentation", "{BD5911D0-8ECA-44FE-A56B-4DA758F831EC}"
EndProject
Project("{9A19103F-16F7-4668-BE54-9A1E7A4F7556}") = "RentSwiftly.WebApi", "Presentation\RentSwiftly.WebApi\RentSwiftly.WebApi.csproj", "{00F698F3-D8A8-44BD-B020-4A395E230312}"
EndProject
Project("{9A19103F-16F7-4668-BE54-9A1E7A4F7556}") = "RentSwiftly.Application", "Core\RentSwiftly.Application\RentSwiftly.Application.csproj", "{CB452D7F-90B3-43C5-8BA5-4CE84C0B4A95}"
EndProject
Project("{2150E333-8FDC-42A3-9474-1A3956D46DE8}") = "Frontend", "Frontend", "{5DFA8EF2-79B4-46D7-8223-0E50FBB5B12D}"
EndProject
Project("{9A19103F-16F7-4668-BE54-9A1E7A4F7556}") = "RentSwiftly.WebUI", "Frontend\RentSwiftly.WebUI\RentSwiftly.WebUI.csproj", "{EEAFE859-801F-470D-9574-28E9971D3007}"
EndProject
Project("{9A19103F-16F7-4668-BE54-9A1E7A4F7556}") = "RentSwiftly.Dto", "Frontend\RentSwiftly.Dto\RentSwiftly.Dto.csproj", "{68209E66-75E4-4B65-B557-B41B7DF96E53}"
EndProject
Global
	GlobalSection(SolutionConfigurationPlatforms) = preSolution
		Debug|Any CPU = Debug|Any CPU
		Release|Any CPU = Release|Any CPU
	EndGlobalSection
	GlobalSection(ProjectConfigurationPlatforms) = postSolution
		{4DC0E0F1-D8C7-4112-8F66-13B1AFD03EEA}.Debug|Any CPU.ActiveCfg = Debug|Any CPU
		{4DC0E0F1-D8C7-4112-8F66-13B1AFD03EEA}.Debug|Any CPU.Build.0 = Debug|Any CPU
		{4DC0E0F1-D8C7-4112-8F66-13B1AFD03EEA}.Release|Any CPU.ActiveCfg = Release|Any CPU
		{4DC0E0F1-D8C7-4112-8F66-13B1AFD03EEA}.Release|Any CPU.Build.0 = Release|Any CPU
		{E40B2BCF-0D80-4FF7-A82B-8194F6C075D4}.Debug|Any CPU.ActiveCfg = Debug|Any CPU
		{E40B2BCF-0D80-4FF7-A82B-8194F6C075D4}.Debug|Any CPU.Build.0 = Debug|Any CPU
		{E40B2BCF-0D80-4FF7-A82B-8194F6C075D4}.Release|Any CPU.ActiveCfg = Release|Any CPU
		{E40B2BCF-0D80-4FF7-A82B-8194F6C075D4}.Release|Any CPU.Build.0 = Release|Any CPU
		{00F698F3-D8A8-44BD-B020-4A395E230312}.Debug|Any CPU.ActiveCfg = Debug|Any CPU
		{00F698F3-D8A8-44BD-B020-4A395E230312}.Debug|Any CPU.Build.0 = Debug|Any CPU
		{00F698F3-D8A8-44BD-B020-4A395E230312}.Release|Any CPU.ActiveCfg = Release|Any CPU
		{00F698F3-D8A8-44BD-B020-4A395E230312}.Release|Any CPU.Build.0 = Release|Any CPU
		{CB452D7F-90B3-43C5-8BA5-4CE84C0B4A95}.Debug|Any CPU.ActiveCfg = Debug|Any CPU
		{CB452D7F-90B3-43C5-8BA5-4CE84C0B4A95}.Debug|Any CPU.Build.0 = Debug|Any CPU
		{CB452D7F-90B3-43C5-8BA5-4CE84C0B4A95}.Release|Any CPU.ActiveCfg = Release|Any CPU
		{CB452D7F-90B3-43C5-8BA5-4CE84C0B4A95}.Release|Any CPU.Build.0 = Release|Any CPU
		{EEAFE859-801F-470D-9574-28E9971D3007}.Debug|Any CPU.ActiveCfg = Debug|Any CPU
		{EEAFE859-801F-470D-9574-28E9971D3007}.Debug|Any CPU.Build.0 = Debug|Any CPU
		{EEAFE859-801F-470D-9574-28E9971D3007}.Release|Any CPU.ActiveCfg = Release|Any CPU
		{EEAFE859-801F-470D-9574-28E9971D3007}.Release|Any CPU.Build.0 = Release|Any CPU
		{68209E66-75E4-4B65-B557-B41B7DF96E53}.Debug|Any CPU.ActiveCfg = Debug|Any CPU
		{68209E66-75E4-4B65-B557-B41B7DF96E53}.Debug|Any CPU.Build.0 = Debug|Any CPU
		{68209E66-75E4-4B65-B557-B41B7DF96E53}.Release|Any CPU.ActiveCfg = Release|Any CPU
		{68209E66-75E4-4B65-B557-B41B7DF96E53}.Release|Any CPU.Build.0 = Release|Any CPU
	EndGlobalSection
	GlobalSection(SolutionProperties) = preSolution
		HideSolutionNode = FALSE
	EndGlobalSection
	GlobalSection(NestedProjects) = preSolution
		{4DC0E0F1-D8C7-4112-8F66-13B1AFD03EEA} = {650E9AA2-BAA8-4C6A-AA11-A9BCA50DD4F0}
		{E40B2BCF-0D80-4FF7-A82B-8194F6C075D4} = {8FD98856-8E5D-4B36-91C6-652ABD64C9B3}
		{00F698F3-D8A8-44BD-B020-4A395E230312} = {BD5911D0-8ECA-44FE-A56B-4DA758F831EC}
		{CB452D7F-90B3-43C5-8BA5-4CE84C0B4A95} = {650E9AA2-BAA8-4C6A-AA11-A9BCA50DD4F0}
		{EEAFE859-801F-470D-9574-28E9971D3007} = {5DFA8EF2-79B4-46D7-8223-0E50FBB5B12D}
		{68209E66-75E4-4B65-B557-B41B7DF96E53} = {5DFA8EF2-79B4-46D7-8223-0E50FBB5B12D}
	EndGlobalSection
	GlobalSection(ExtensibilityGlobals) = postSolution
		SolutionGuid = {FE3BD606-BB98-41BC-BFA0-4F6951CE8131}
	EndGlobalSection
EndGlobal
